
Microsoft Visual Studio Solution File, Format Version 12.00
# Visual Studio 2012
Project("{FAE04EC0-301F-11D3-BF4B-00C04F79EFBC}") = "DriverAssigner", "DriverAssigner\DriverAssigner.csproj", "{FDB388D5-F666-4A20-8F91-700B837E0CEE}"
EndProject
Global
	GlobalSection(SolutionConfigurationPlatforms) = preSolution
		Debug|Any CPU = Debug|Any CPU
		Release|Any CPU = Release|Any CPU
	EndGlobalSection
	GlobalSection(ProjectConfigurationPlatforms) = postSolution
		{FDB388D5-F666-4A20-8F91-700B837E0CEE}.Debug|Any CPU.ActiveCfg = Debug|Any CPU
		{FDB388D5-F666-4A20-8F91-700B837E0CEE}.Debug|Any CPU.Build.0 = Debug|Any CPU
		{FDB388D5-F666-4A20-8F91-700B837E0CEE}.Release|Any CPU.ActiveCfg = Release|Any CPU
		{FDB388D5-F666-4A20-8F91-700B837E0CEE}.Release|Any CPU.Build.0 = Release|Any CPU
	EndGlobalSection
	GlobalSection(SolutionProperties) = preSolution
		HideSolutionNode = FALSE
	EndGlobalSection
EndGlobal
